{
  "name": "hackton",
  "lockfileVersion": 3,
  "requires": true,
  "packages": {
    "": {
      "dependencies": {
        "rdp": "^1.0.1"
      }
    },
    "node_modules/rdp": {
      "version": "1.0.1",
      "resolved": "https://registry.npmjs.org/rdp/-/rdp-1.0.1.tgz",
      "integrity": "sha512-WgrJWgTAr00DgN1AYlxE8syhMzn86qzwnZugWaY4TjV+LDbHtm+V8F2TRcVPD4GxL/eEzvjTfK2MfT6nPNwi9A==",
      "license": "MIT License"
    }
  }
}
